
Microsoft Visual Studio Solution File, Format Version 12.00
# Visual Studio Version 16
VisualStudioVersion = 16.0.31624.102
MinimumVisualStudioVersion = 10.0.40219.1
Project("{9A19103F-16F7-4668-BE54-9A1E7A4F7556}") = "Domain", "Domain\Domain.csproj", "{C330DBDF-82FE-403E-9018-94A1977B0F8A}"
EndProject
Project("{9A19103F-16F7-4668-BE54-9A1E7A4F7556}") = "DAL", "DAL\DAL.csproj", "{19F035F1-3A21-40C3-9BE4-636281552926}"
EndProject
Project("{9A19103F-16F7-4668-BE54-9A1E7A4F7556}") = "ShelfWebApp", "ShelfWebApp\ShelfWebApp.csproj", "{3B896B0E-5711-40B0-A0E0-C54F3D814FB5}"
EndProject
Project("{9A19103F-16F7-4668-BE54-9A1E7A4F7556}") = "Identity", "Identity\Identity.csproj", "{C66665CA-DBA0-4588-8421-2D31DA6CA0E1}"
EndProject
Global
	GlobalSection(SolutionConfigurationPlatforms) = preSolution
		Debug|Any CPU = Debug|Any CPU
		Release|Any CPU = Release|Any CPU
	EndGlobalSection
	GlobalSection(ProjectConfigurationPlatforms) = postSolution
		{C330DBDF-82FE-403E-9018-94A1977B0F8A}.Debug|Any CPU.ActiveCfg = Debug|Any CPU
		{C330DBDF-82FE-403E-9018-94A1977B0F8A}.Debug|Any CPU.Build.0 = Debug|Any CPU
		{C330DBDF-82FE-403E-9018-94A1977B0F8A}.Release|Any CPU.ActiveCfg = Release|Any CPU
		{C330DBDF-82FE-403E-9018-94A1977B0F8A}.Release|Any CPU.Build.0 = Release|Any CPU
		{19F035F1-3A21-40C3-9BE4-636281552926}.Debug|Any CPU.ActiveCfg = Debug|Any CPU
		{19F035F1-3A21-40C3-9BE4-636281552926}.Debug|Any CPU.Build.0 = Debug|Any CPU
		{19F035F1-3A21-40C3-9BE4-636281552926}.Release|Any CPU.ActiveCfg = Release|Any CPU
		{19F035F1-3A21-40C3-9BE4-636281552926}.Release|Any CPU.Build.0 = Release|Any CPU
		{3B896B0E-5711-40B0-A0E0-C54F3D814FB5}.Debug|Any CPU.ActiveCfg = Debug|Any CPU
		{3B896B0E-5711-40B0-A0E0-C54F3D814FB5}.Debug|Any CPU.Build.0 = Debug|Any CPU
		{3B896B0E-5711-40B0-A0E0-C54F3D814FB5}.Release|Any CPU.ActiveCfg = Release|Any CPU
		{3B896B0E-5711-40B0-A0E0-C54F3D814FB5}.Release|Any CPU.Build.0 = Release|Any CPU
		{C66665CA-DBA0-4588-8421-2D31DA6CA0E1}.Debug|Any CPU.ActiveCfg = Debug|Any CPU
		{C66665CA-DBA0-4588-8421-2D31DA6CA0E1}.Debug|Any CPU.Build.0 = Debug|Any CPU
		{C66665CA-DBA0-4588-8421-2D31DA6CA0E1}.Release|Any CPU.ActiveCfg = Release|Any CPU
		{C66665CA-DBA0-4588-8421-2D31DA6CA0E1}.Release|Any CPU.Build.0 = Release|Any CPU
	EndGlobalSection
	GlobalSection(SolutionProperties) = preSolution
		HideSolutionNode = FALSE
	EndGlobalSection
	GlobalSection(ExtensibilityGlobals) = postSolution
		SolutionGuid = {EFD7D9D2-7DE8-4936-9FCF-2876B34C583B}
	EndGlobalSection
EndGlobal
